
Microsoft Visual Studio Solution File, Format Version 12.00
Project("{2150E333-8FDC-42A3-9474-1A3956D46DE8}") = "src", "src", "{6588FFF3-0189-4489-8551-793BF3C35A9B}"
EndProject
Project("{FAE04EC0-301F-11D3-BF4B-00C04F79EFBC}") = "Logging", "Logging\Logging.csproj", "{BFFDEBB5-25CC-4BB9-A47B-ED4FB1B1D833}"
EndProject
Project("{2150E333-8FDC-42A3-9474-1A3956D46DE8}") = "tests", "tests", "{6B659770-BA68-47E1-B8FE-0A59477DA183}"
EndProject
Project("{FAE04EC0-301F-11D3-BF4B-00C04F79EFBC}") = "Logging.UnitTests", "Logging.UnitTests\Logging.UnitTests.csproj", "{2AC61BAC-7CF1-4683-A8D9-ED396E72A156}"
EndProject
Project("{2150E333-8FDC-42A3-9474-1A3956D46DE8}") = "benchmarks", "benchmarks", "{A2EF0AA9-61AE-4726-8E01-9EFD4D30C38E}"
EndProject
Project("{FAE04EC0-301F-11D3-BF4B-00C04F79EFBC}") = "Logging.Benchmarks", "Logging.Benchmarks\Logging.Benchmarks.csproj", "{79C9C5EB-76F7-47EE-A558-56F6D05391BA}"
EndProject
Global
	GlobalSection(SolutionConfigurationPlatforms) = preSolution
		Debug|Any CPU = Debug|Any CPU
		Release|Any CPU = Release|Any CPU
	EndGlobalSection
	GlobalSection(NestedProjects) = preSolution
		{BFFDEBB5-25CC-4BB9-A47B-ED4FB1B1D833} = {6588FFF3-0189-4489-8551-793BF3C35A9B}
		{2AC61BAC-7CF1-4683-A8D9-ED396E72A156} = {6B659770-BA68-47E1-B8FE-0A59477DA183}
		{79C9C5EB-76F7-47EE-A558-56F6D05391BA} = {A2EF0AA9-61AE-4726-8E01-9EFD4D30C38E}
	EndGlobalSection
	GlobalSection(ProjectConfigurationPlatforms) = postSolution
		{BFFDEBB5-25CC-4BB9-A47B-ED4FB1B1D833}.Debug|Any CPU.ActiveCfg = Debug|Any CPU
		{BFFDEBB5-25CC-4BB9-A47B-ED4FB1B1D833}.Debug|Any CPU.Build.0 = Debug|Any CPU
		{BFFDEBB5-25CC-4BB9-A47B-ED4FB1B1D833}.Release|Any CPU.ActiveCfg = Release|Any CPU
		{BFFDEBB5-25CC-4BB9-A47B-ED4FB1B1D833}.Release|Any CPU.Build.0 = Release|Any CPU
		{2AC61BAC-7CF1-4683-A8D9-ED396E72A156}.Debug|Any CPU.ActiveCfg = Debug|Any CPU
		{2AC61BAC-7CF1-4683-A8D9-ED396E72A156}.Debug|Any CPU.Build.0 = Debug|Any CPU
		{2AC61BAC-7CF1-4683-A8D9-ED396E72A156}.Release|Any CPU.ActiveCfg = Release|Any CPU
		{2AC61BAC-7CF1-4683-A8D9-ED396E72A156}.Release|Any CPU.Build.0 = Release|Any CPU
		{79C9C5EB-76F7-47EE-A558-56F6D05391BA}.Debug|Any CPU.ActiveCfg = Debug|Any CPU
		{79C9C5EB-76F7-47EE-A558-56F6D05391BA}.Debug|Any CPU.Build.0 = Debug|Any CPU
		{79C9C5EB-76F7-47EE-A558-56F6D05391BA}.Release|Any CPU.ActiveCfg = Release|Any CPU
		{79C9C5EB-76F7-47EE-A558-56F6D05391BA}.Release|Any CPU.Build.0 = Release|Any CPU
	EndGlobalSection
EndGlobal
